// !$*UTF8*$!
{
	archiveVersion = 1;
	classes = {
	};
	objectVersion = 50;
	objects = {

/* Begin PBXBuildFile section */
		101B5551216562DC000FAF60 /* AppDelegate.m in Sources */ = {isa = PBXBuildFile; fileRef = 101B5550216562DC000FAF60 /* AppDelegate.m */; };
		101B5557216562DC000FAF60 /* Main.storyboard in Resources */ = {isa = PBXBuildFile; fileRef = 101B5555216562DC000FAF60 /* Main.storyboard */; };
		101B5559216562DE000FAF60 /* Assets.xcassets in Resources */ = {isa = PBXBuildFile; fileRef = 101B5558216562DE000FAF60 /* Assets.xcassets */; };
		101B555C216562DE000FAF60 /* LaunchScreen.storyboard in Resources */ = {isa = PBXBuildFile; fileRef = 101B555A216562DE000FAF60 /* LaunchScreen.storyboard */; };
		101B555F216562DE000FAF60 /* main.m in Sources */ = {isa = PBXBuildFile; fileRef = 101B555E216562DE000FAF60 /* main.m */; };
		101B5568216564CF000FAF60 /* DocumentsTableViewController.m in Sources */ = {isa = PBXBuildFile; fileRef = 101B5567216564CF000FAF60 /* DocumentsTableViewController.m */; };
		101B556C2165685F000FAF60 /* DetailViewController.m in Sources */ = {isa = PBXBuildFile; fileRef = 101B556B2165685F000FAF60 /* DetailViewController.m */; };
		101B556F21656AC7000FAF60 /* NSString+WordCount.m in Sources */ = {isa = PBXBuildFile; fileRef = 101B556E21656AC7000FAF60 /* NSString+WordCount.m */; };
		101B557321656EDD000FAF60 /* AELDocument.m in Sources */ = {isa = PBXBuildFile; fileRef = 101B557221656EDD000FAF60 /* AELDocument.m */; };
		101B557821657A90000FAF60 /* AELDocumentController.m in Sources */ = {isa = PBXBuildFile; fileRef = 101B557721657A90000FAF60 /* AELDocumentController.m */; };
/* End PBXBuildFile section */

/* Begin PBXFileReference section */
		101B554C216562DC000FAF60 /* Documents.app */ = {isa = PBXFileReference; explicitFileType = wrapper.application; includeInIndex = 0; path = Documents.app; sourceTree = BUILT_PRODUCTS_DIR; };
		101B554F216562DC000FAF60 /* AppDelegate.h */ = {isa = PBXFileReference; lastKnownFileType = sourcecode.c.h; path = AppDelegate.h; sourceTree = "<group>"; };
		101B5550216562DC000FAF60 /* AppDelegate.m */ = {isa = PBXFileReference; lastKnownFileType = sourcecode.c.objc; path = AppDelegate.m; sourceTree = "<group>"; };
		101B5556216562DC000FAF60 /* Base */ = {isa = PBXFileReference; lastKnownFileType = file.storyboard; name = Base; path = Base.lproj/Main.storyboard; sourceTree = "<group>"; };
		101B5558216562DE000FAF60 /* Assets.xcassets */ = {isa = PBXFileReference; lastKnownFileType = folder.assetcatalog; path = Assets.xcassets; sourceTree = "<group>"; };
		101B555B216562DE000FAF60 /* Base */ = {isa = PBXFileReference; lastKnownFileType = file.storyboard; name = Base; path = Base.lproj/LaunchScreen.storyboard; sourceTree = "<group>"; };
		101B555D216562DE000FAF60 /* Info.plist */ = {isa = PBXFileReference; lastKnownFileType = text.plist.xml; path = Info.plist; sourceTree = "<group>"; };
		101B555E216562DE000FAF60 /* main.m */ = {isa = PBXFileReference; lastKnownFileType = sourcecode.c.objc; path = main.m; sourceTree = "<group>"; };
		101B5566216564CF000FAF60 /* DocumentsTableViewController.h */ = {isa = PBXFileReference; lastKnownFileType = sourcecode.c.h; path = DocumentsTableViewController.h; sourceTree = "<group>"; };
		101B5567216564CF000FAF60 /* DocumentsTableViewController.m */ = {isa = PBXFileReference; lastKnownFileType = sourcecode.c.objc; path = DocumentsTableViewController.m; sourceTree = "<group>"; };
		101B556A2165685F000FAF60 /* DetailViewController.h */ = {isa = PBXFileReference; lastKnownFileType = sourcecode.c.h; path = DetailViewController.h; sourceTree = "<group>"; };
		101B556B2165685F000FAF60 /* DetailViewController.m */ = {isa = PBXFileReference; lastKnownFileType = sourcecode.c.objc; path = DetailViewController.m; sourceTree = "<group>"; };
		101B556D21656AC7000FAF60 /* NSString+WordCount.h */ = {isa = PBXFileReference; lastKnownFileType = sourcecode.c.h; path = "NSString+WordCount.h"; sourceTree = "<group>"; };
		101B556E21656AC7000FAF60 /* NSString+WordCount.m */ = {isa = PBXFileReference; lastKnownFileType = sourcecode.c.objc; path = "NSString+WordCount.m"; sourceTree = "<group>"; };
		101B557121656EDD000FAF60 /* AELDocument.h */ = {isa = PBXFileReference; lastKnownFileType = sourcecode.c.h; path = AELDocument.h; sourceTree = "<group>"; };
		101B557221656EDD000FAF60 /* AELDocument.m */ = {isa = PBXFileReference; lastKnownFileType = sourcecode.c.objc; path = AELDocument.m; sourceTree = "<group>"; };
		101B557621657A90000FAF60 /* AELDocumentController.h */ = {isa = PBXFileReference; lastKnownFileType = sourcecode.c.h; path = AELDocumentController.h; sourceTree = "<group>"; };
		101B557721657A90000FAF60 /* AELDocumentController.m */ = {isa = PBXFileReference; lastKnownFileType = sourcecode.c.objc; path = AELDocumentController.m; sourceTree = "<group>"; };
/* End PBXFileReference section */

/* Begin PBXFrameworksBuildPhase section */
		101B5549216562DC000FAF60 /* Frameworks */ = {
			isa = PBXFrameworksBuildPhase;
			buildActionMask = 2147483647;
			files = (
			);
			runOnlyForDeploymentPostprocessing = 0;
		};
/* End PBXFrameworksBuildPhase section */

/* Begin PBXGroup section */
		101B5543216562DC000FAF60 = {
			isa = PBXGroup;
			children = (
				101B554E216562DC000FAF60 /* Documents */,
				101B554D216562DC000FAF60 /* Products */,
			);
			sourceTree = "<group>";
		};
		101B554D216562DC000FAF60 /* Products */ = {
			isa = PBXGroup;
			children = (
				101B554C216562DC000FAF60 /* Documents.app */,
			);
			name = Products;
			sourceTree = "<group>";
		};
		101B554E216562DC000FAF60 /* Documents */ = {
			isa = PBXGroup;
			children = (
				101B554F216562DC000FAF60 /* AppDelegate.h */,
				101B5550216562DC000FAF60 /* AppDelegate.m */,
				101B5555216562DC000FAF60 /* Main.storyboard */,
				101B557421656F29000FAF60 /* Model */,
				101B557521657A6E000FAF60 /* Model Controller */,
				101B5569216564DA000FAF60 /* View Controller */,
				101B557021656ACC000FAF60 /* Category */,
				101B5565216562F9000FAF60 /* Resources */,
			);
			path = Documents;
			sourceTree = "<group>";
		};
		101B5565216562F9000FAF60 /* Resources */ = {
			isa = PBXGroup;
			children = (
				101B5558216562DE000FAF60 /* Assets.xcassets */,
				101B555A216562DE000FAF60 /* LaunchScreen.storyboard */,
				101B555D216562DE000FAF60 /* Info.plist */,
				101B555E216562DE000FAF60 /* main.m */,
			);
			path = Resources;
			sourceTree = "<group>";
		};
		101B5569216564DA000FAF60 /* View Controller */ = {
			isa = PBXGroup;
			children = (
				101B5566216564CF000FAF60 /* DocumentsTableViewController.h */,
				101B5567216564CF000FAF60 /* DocumentsTableViewController.m */,
				101B556A2165685F000FAF60 /* DetailViewController.h */,
				101B556B2165685F000FAF60 /* DetailViewController.m */,
			);
			path = "View Controller";
			sourceTree = "<group>";
		};
		101B557021656ACC000FAF60 /* Category */ = {
			isa = PBXGroup;
			children = (
				101B556D21656AC7000FAF60 /* NSString+WordCount.h */,
				101B556E21656AC7000FAF60 /* NSString+WordCount.m */,
			);
			path = Category;
			sourceTree = "<group>";
		};
		101B557421656F29000FAF60 /* Model */ = {
			isa = PBXGroup;
			children = (
				101B557121656EDD000FAF60 /* AELDocument.h */,
				101B557221656EDD000FAF60 /* AELDocument.m */,
			);
			path = Model;
			sourceTree = "<group>";
		};
		101B557521657A6E000FAF60 /* Model Controller */ = {
			isa = PBXGroup;
			children = (
				101B557621657A90000FAF60 /* AELDocumentController.h */,
				101B557721657A90000FAF60 /* AELDocumentController.m */,
			);
			path = "Model Controller";
			sourceTree = "<group>";
		};
/* End PBXGroup section */

/* Begin PBXNativeTarget section */
		101B554B216562DC000FAF60 /* Documents */ = {
			isa = PBXNativeTarget;
			buildConfigurationList = 101B5562216562DE000FAF60 /* Build configuration list for PBXNativeTarget "Documents" */;
			buildPhases = (
				101B5548216562DC000FAF60 /* Sources */,
				101B5549216562DC000FAF60 /* Frameworks */,
				101B554A216562DC000FAF60 /* Resources */,
			);
			buildRules = (
			);
			dependencies = (
			);
			name = Documents;
			productName = Documents;
			productReference = 101B554C216562DC000FAF60 /* Documents.app */;
			productType = "com.apple.product-type.application";
		};
/* End PBXNativeTarget section */

/* Begin PBXProject section */
		101B5544216562DC000FAF60 /* Project object */ = {
			isa = PBXProject;
			attributes = {
				CLASSPREFIX = AEL;
				LastUpgradeCheck = 1000;
				ORGANIZATIONNAME = "Andrew Liao";
				TargetAttributes = {
					101B554B216562DC000FAF60 = {
						CreatedOnToolsVersion = 10.0;
					};
				};
			};
			buildConfigurationList = 101B5547216562DC000FAF60 /* Build configuration list for PBXProject "Documents" */;
			compatibilityVersion = "Xcode 9.3";
			developmentRegion = en;
			hasScannedForEncodings = 0;
			knownRegions = (
				en,
				Base,
			);
			mainGroup = 101B5543216562DC000FAF60;
			productRefGroup = 101B554D216562DC000FAF60 /* Products */;
			projectDirPath = "";
			projectRoot = "";
			targets = (
				101B554B216562DC000FAF60 /* Documents */,
			);
		};
/* End PBXProject section */

/* Begin PBXResourcesBuildPhase section */
		101B554A216562DC000FAF60 /* Resources */ = {
			isa = PBXResourcesBuildPhase;
			buildActionMask = 2147483647;
			files = (
				101B555C216562DE000FAF60 /* LaunchScreen.storyboard in Resources */,
				101B5559216562DE000FAF60 /* Assets.xcassets in Resources */,
				101B5557216562DC000FAF60 /* Main.storyboard in Resources */,
			);
			runOnlyForDeploymentPostprocessing = 0;
		};
/* End PBXResourcesBuildPhase section */

/* Begin PBXSourcesBuildPhase section */
		101B5548216562DC000FAF60 /* Sources */ = {
			isa = PBXSourcesBuildPhase;
			buildActionMask = 2147483647;
			files = (
				101B556F21656AC7000FAF60 /* NSString+WordCount.m in Sources */,
				101B557821657A90000FAF60 /* AELDocumentController.m in Sources */,
				101B5568216564CF000FAF60 /* DocumentsTableViewController.m in Sources */,
				101B555F216562DE000FAF60 /* main.m in Sources */,
				101B557321656EDD000FAF60 /* AELDocument.m in Sources */,
				101B5551216562DC000FAF60 /* AppDelegate.m in Sources */,
				101B556C2165685F000FAF60 /* DetailViewController.m in Sources */,
			);
			runOnlyForDeploymentPostprocessing = 0;
		};
/* End PBXSourcesBuildPhase section */

/* Begin PBXVariantGroup section */
		101B5555216562DC000FAF60 /* Main.storyboard */ = {
			isa = PBXVariantGroup;
			children = (
				101B5556216562DC000FAF60 /* Base */,
			);
			name = Main.storyboard;
			sourceTree = "<group>";
		};
		101B555A216562DE000FAF60 /* LaunchScreen.storyboard */ = {
			isa = PBXVariantGroup;
			children = (
				101B555B216562DE000FAF60 /* Base */,
			);
			name = LaunchScreen.storyboard;
			sourceTree = "<group>";
		};
/* End PBXVariantGroup section */

/* Begin XCBuildConfiguration section */
		101B5560216562DE000FAF60 /* Debug */ = {
			isa = XCBuildConfiguration;
			buildSettings = {
				ALWAYS_SEARCH_USER_PATHS = NO;
				CLANG_ANALYZER_NONNULL = YES;
				CLANG_ANALYZER_NUMBER_OBJECT_CONVERSION = YES_AGGRESSIVE;
				CLANG_CXX_LANGUAGE_STANDARD = "gnu++14";
				CLANG_CXX_LIBRARY = "libc++";
				CLANG_ENABLE_MODULES = YES;
				CLANG_ENABLE_OBJC_ARC = YES;
				CLANG_ENABLE_OBJC_WEAK = YES;
				CLANG_WARN_BLOCK_CAPTURE_AUTORELEASING = YES;
				CLANG_WARN_BOOL_CONVERSION = YES;
				CLANG_WARN_COMMA = YES;
				CLANG_WARN_CONSTANT_CONVERSION = YES;
				CLANG_WARN_DEPRECATED_OBJC_IMPLEMENTATIONS = YES;
				CLANG_WARN_DIRECT_OBJC_ISA_USAGE = YES_ERROR;
				CLANG_WARN_DOCUMENTATION_COMMENTS = YES;
				CLANG_WARN_EMPTY_BODY = YES;
				CLANG_WARN_ENUM_CONVERSION = YES;
				CLANG_WARN_INFINITE_RECURSION = YES;
				CLANG_WARN_INT_CONVERSION = YES;
				CLANG_WARN_NON_LITERAL_NULL_CONVERSION = YES;
				CLANG_WARN_OBJC_IMPLICIT_RETAIN_SELF = YES;
				CLANG_WARN_OBJC_LITERAL_CONVERSION = YES;
				CLANG_WARN_OBJC_ROOT_CLASS = YES_ERROR;
				CLANG_WARN_RANGE_LOOP_ANALYSIS = YES;
				CLANG_WARN_STRICT_PROTOTYPES = YES;
				CLANG_WARN_SUSPICIOUS_MOVE = YES;
				CLANG_WARN_UNGUARDED_AVAILABILITY = YES_AGGRESSIVE;
				CLANG_WARN_UNREACHABLE_CODE = YES;
				CLANG_WARN__DUPLICATE_METHOD_MATCH = YES;
				CODE_SIGN_IDENTITY = "iPhone Developer";
				COPY_PHASE_STRIP = NO;
				DEBUG_INFORMATION_FORMAT = dwarf;
				ENABLE_STRICT_OBJC_MSGSEND = YES;
				ENABLE_TESTABILITY = YES;
				GCC_C_LANGUAGE_STANDARD = gnu11;
				GCC_DYNAMIC_NO_PIC = NO;
				GCC_NO_COMMON_BLOCKS = YES;
				GCC_OPTIMIZATION_LEVEL = 0;
				GCC_PREPROCESSOR_DEFINITIONS = (
					"DEBUG=1",
					"$(inherited)",
				);
				GCC_WARN_64_TO_32_BIT_CONVERSION = YES;
				GCC_WARN_ABOUT_RETURN_TYPE = YES_ERROR;
				GCC_WARN_UNDECLARED_SELECTOR = YES;
				GCC_WARN_UNINITIALIZED_AUTOS = YES_AGGRESSIVE;
				GCC_WARN_UNUSED_FUNCTION = YES;
				GCC_WARN_UNUSED_VARIABLE = YES;
				IPHONEOS_DEPLOYMENT_TARGET = 12.0;
				MTL_ENABLE_DEBUG_INFO = INCLUDE_SOURCE;
				MTL_FAST_MATH = YES;
				ONLY_ACTIVE_ARCH = YES;
				SDKROOT = iphoneos;
			};
			name = Debug;
		};
		101B5561216562DE000FAF60 /* Release */ = {
			isa = XCBuildConfiguration;
			buildSettings = {
				ALWAYS_SEARCH_USER_PATHS = NO;
				CLANG_ANALYZER_NONNULL = YES;
				CLANG_ANALYZER_NUMBER_OBJECT_CONVERSION = YES_AGGRESSIVE;
				CLANG_CXX_LANGUAGE_STANDARD = "gnu++14";
				CLANG_CXX_LIBRARY = "libc++";
				CLANG_ENABLE_MODULES = YES;
				CLANG_ENABLE_OBJC_ARC = YES;
				CLANG_ENABLE_OBJC_WEAK = YES;
				CLANG_WARN_BLOCK_CAPTURE_AUTORELEASING = YES;
				CLANG_WARN_BOOL_CONVERSION = YES;
				CLANG_WARN_COMMA = YES;
				CLANG_WARN_CONSTANT_CONVERSION = YES;
				CLANG_WARN_DEPRECATED_OBJC_IMPLEMENTATIONS = YES;
				CLANG_WARN_DIRECT_OBJC_ISA_USAGE = YES_ERROR;
				CLANG_WARN_DOCUMENTATION_COMMENTS = YES;
				CLANG_WARN_EMPTY_BODY = YES;
				CLANG_WARN_ENUM_CONVERSION = YES;
				CLANG_WARN_INFINITE_RECURSION = YES;
				CLANG_WARN_INT_CONVERSION = YES;
				CLANG_WARN_NON_LITERAL_NULL_CONVERSION = YES;
				CLANG_WARN_OBJC_IMPLICIT_RETAIN_SELF = YES;
				CLANG_WARN_OBJC_LITERAL_CONVERSION = YES;
				CLANG_WARN_OBJC_ROOT_CLASS = YES_ERROR;
				CLANG_WARN_RANGE_LOOP_ANALYSIS = YES;
				CLANG_WARN_STRICT_PROTOTYPES = YES;
				CLANG_WARN_SUSPICIOUS_MOVE = YES;
				CLANG_WARN_UNGUARDED_AVAILABILITY = YES_AGGRESSIVE;
				CLANG_WARN_UNREACHABLE_CODE = YES;
				CLANG_WARN__DUPLICATE_METHOD_MATCH = YES;
				CODE_SIGN_IDENTITY = "iPhone Developer";
				COPY_PHASE_STRIP = NO;
				DEBUG_INFORMATION_FORMAT = "dwarf-with-dsym";
				ENABLE_NS_ASSERTIONS = NO;
				ENABLE_STRICT_OBJC_MSGSEND = YES;
				GCC_C_LANGUAGE_STANDARD = gnu11;
				GCC_NO_COMMON_BLOCKS = YES;
				GCC_WARN_64_TO_32_BIT_CONVERSION = YES;
				GCC_WARN_ABOUT_RETURN_TYPE = YES_ERROR;
				GCC_WARN_UNDECLARED_SELECTOR = YES;
				GCC_WARN_UNINITIALIZED_AUTOS = YES_AGGRESSIVE;
				GCC_WARN_UNUSED_FUNCTION = YES;
				GCC_WARN_UNUSED_VARIABLE = YES;
				IPHONEOS_DEPLOYMENT_TARGET = 12.0;
				MTL_ENABLE_DEBUG_INFO = NO;
				MTL_FAST_MATH = YES;
				SDKROOT = iphoneos;
				VALIDATE_PRODUCT = YES;
			};
			name = Release;
		};
		101B5563216562DE000FAF60 /* Debug */ = {
			isa = XCBuildConfiguration;
			buildSettings = {
				ASSETCATALOG_COMPILER_APPICON_NAME = AppIcon;
				CODE_SIGN_STYLE = Automatic;
				DEVELOPMENT_TEAM = 579Y2HH9JP;
				INFOPLIST_FILE = "$(SRCROOT)/Documents/Resources/Info.plist";
				LD_RUNPATH_SEARCH_PATHS = (
					"$(inherited)",
					"@executable_path/Frameworks",
				);
				PRODUCT_BUNDLE_IDENTIFIER = com.andrew.Documents;
				PRODUCT_NAME = "$(TARGET_NAME)";
				TARGETED_DEVICE_FAMILY = "1,2";
			};
			name = Debug;
		};
		101B5564216562DE000FAF60 /* Release */ = {
			isa = XCBuildConfiguration;
			buildSettings = {
				ASSETCATALOG_COMPILER_APPICON_NAME = AppIcon;
				CODE_SIGN_STYLE = Automatic;
				DEVELOPMENT_TEAM = 579Y2HH9JP;
				INFOPLIST_FILE = "$(SRCROOT)/Documents/Resources/Info.plist";
				LD_RUNPATH_SEARCH_PATHS = (
					"$(inherited)",
					"@executable_path/Frameworks",
				);
				PRODUCT_BUNDLE_IDENTIFIER = com.andrew.Documents;
				PRODUCT_NAME = "$(TARGET_NAME)";
				TARGETED_DEVICE_FAMILY = "1,2";
			};
			name = Release;
		};
/* End XCBuildConfiguration section */

/* Begin XCConfigurationList section */
		101B5547216562DC000FAF60 /* Build configuration list for PBXProject "Documents" */ = {
			isa = XCConfigurationList;
			buildConfigurations = (
				101B5560216562DE000FAF60 /* Debug */,
				101B5561216562DE000FAF60 /* Release */,
			);
			defaultConfigurationIsVisible = 0;
			defaultConfigurationName = Release;
		};
		101B5562216562DE000FAF60 /* Build configuration list for PBXNativeTarget "Documents" */ = {
			isa = XCConfigurationList;
			buildConfigurations = (
				101B5563216562DE000FAF60 /* Debug */,
				101B5564216562DE000FAF60 /* Release */,
			);
			defaultConfigurationIsVisible = 0;
			defaultConfigurationName = Release;
		};
/* End XCConfigurationList section */
	};
	rootObject = 101B5544216562DC000FAF60 /* Project object */;
}
